
Microsoft Visual Studio Solution File, Format Version 12.00
# Visual Studio Version 17
VisualStudioVersion = 17.7.34024.191
MinimumVisualStudioVersion = 10.0.40219.1
Project("{FAE04EC0-301F-11D3-BF4B-00C04F79EFBC}") = "Lampadina", "Lampadina.csproj", "{DFDAAB86-1CB0-4F6C-B5C7-522778B299FF}"
EndProject
Global
	GlobalSection(SolutionConfigurationPlatforms) = preSolution
		Debug|Any CPU = Debug|Any CPU
		Release|Any CPU = Release|Any CPU
	EndGlobalSection
	GlobalSection(ProjectConfigurationPlatforms) = postSolution
		{DFDAAB86-1CB0-4F6C-B5C7-522778B299FF}.Debug|Any CPU.ActiveCfg = Debug|Any CPU
		{DFDAAB86-1CB0-4F6C-B5C7-522778B299FF}.Debug|Any CPU.Build.0 = Debug|Any CPU
		{DFDAAB86-1CB0-4F6C-B5C7-522778B299FF}.Release|Any CPU.ActiveCfg = Release|Any CPU
		{DFDAAB86-1CB0-4F6C-B5C7-522778B299FF}.Release|Any CPU.Build.0 = Release|Any CPU
	EndGlobalSection
	GlobalSection(SolutionProperties) = preSolution
		HideSolutionNode = FALSE
	EndGlobalSection
	GlobalSection(ExtensibilityGlobals) = postSolution
		SolutionGuid = {3088AA1B-0147-442D-B743-6A1ECDD08608}
	EndGlobalSection
EndGlobal
